// !$*UTF8*$!
{
	archiveVersion = 1;
	classes = {
	};
	objectVersion = 56;
	objects = {

/* Begin PBXBuildFile section */
		7D52B7382B1E2F7B00C94089 /* UserTableViewCell.swift in Sources */ = {isa = PBXBuildFile; fileRef = 7D52B7372B1E2F7B00C94089 /* UserTableViewCell.swift */; };
		D2761A282A6ACE1D00D0B7B8 /* AppDelegate.swift in Sources */ = {isa = PBXBuildFile; fileRef = D2761A272A6ACE1D00D0B7B8 /* AppDelegate.swift */; };
		D2761A2A2A6ACE1D00D0B7B8 /* SceneDelegate.swift in Sources */ = {isa = PBXBuildFile; fileRef = D2761A292A6ACE1D00D0B7B8 /* SceneDelegate.swift */; };
		D2761A2F2A6ACE1D00D0B7B8 /* Main.storyboard in Resources */ = {isa = PBXBuildFile; fileRef = D2761A2D2A6ACE1D00D0B7B8 /* Main.storyboard */; };
		D2761A312A6ACE1E00D0B7B8 /* Assets.xcassets in Resources */ = {isa = PBXBuildFile; fileRef = D2761A302A6ACE1E00D0B7B8 /* Assets.xcassets */; };
		D2761A342A6ACE1E00D0B7B8 /* LaunchScreen.storyboard in Resources */ = {isa = PBXBuildFile; fileRef = D2761A322A6ACE1E00D0B7B8 /* LaunchScreen.storyboard */; };
		D27C8E7B2B184CF800CA2A04 /* NotificationPage.swift in Sources */ = {isa = PBXBuildFile; fileRef = D27C8E7A2B184CF800CA2A04 /* NotificationPage.swift */; };
		D27F915D2A702B02004725EC /* Homepage.swift in Sources */ = {isa = PBXBuildFile; fileRef = D27F915C2A702B02004725EC /* Homepage.swift */; };
		D27F915F2A702B74004725EC /* Connectionspage.swift in Sources */ = {isa = PBXBuildFile; fileRef = D27F915E2A702B74004725EC /* Connectionspage.swift */; };
		D27F91612A702B8C004725EC /* Accountpage.swift in Sources */ = {isa = PBXBuildFile; fileRef = D27F91602A702B8C004725EC /* Accountpage.swift */; };
		D27F91632A702BA4004725EC /* Filterpage.swift in Sources */ = {isa = PBXBuildFile; fileRef = D27F91622A702BA4004725EC /* Filterpage.swift */; };
		D27F91652A7031D7004725EC /* StyleSheet.swift in Sources */ = {isa = PBXBuildFile; fileRef = D27F91642A7031D7004725EC /* StyleSheet.swift */; };
		D27F91712A706BAE004725EC /* GradientView.swift in Sources */ = {isa = PBXBuildFile; fileRef = D27F91702A706BAE004725EC /* GradientView.swift */; };
		D27F91732A71AB0B004725EC /* Loginpage.swift in Sources */ = {isa = PBXBuildFile; fileRef = D27F91722A71AB0B004725EC /* Loginpage.swift */; };
		D2D43C322A72A668001F986D /* Signuppage.swift in Sources */ = {isa = PBXBuildFile; fileRef = D2D43C312A72A668001F986D /* Signuppage.swift */; };
		D2D43C342A72A6C0001F986D /* Emailverificationpage.swift in Sources */ = {isa = PBXBuildFile; fileRef = D2D43C332A72A6C0001F986D /* Emailverificationpage.swift */; };
		D2D43C362A72A6E3001F986D /* OTPverificationpage.swift in Sources */ = {isa = PBXBuildFile; fileRef = D2D43C352A72A6E3001F986D /* OTPverificationpage.swift */; };
/* End PBXBuildFile section */

/* Begin PBXFileReference section */
		7D52B7372B1E2F7B00C94089 /* UserTableViewCell.swift */ = {isa = PBXFileReference; lastKnownFileType = sourcecode.swift; path = UserTableViewCell.swift; sourceTree = "<group>"; };
		D2761A242A6ACE1D00D0B7B8 /* FLAG.app */ = {isa = PBXFileReference; explicitFileType = wrapper.application; includeInIndex = 0; path = FLAG.app; sourceTree = BUILT_PRODUCTS_DIR; };
		D2761A272A6ACE1D00D0B7B8 /* AppDelegate.swift */ = {isa = PBXFileReference; lastKnownFileType = sourcecode.swift; path = AppDelegate.swift; sourceTree = "<group>"; };
		D2761A292A6ACE1D00D0B7B8 /* SceneDelegate.swift */ = {isa = PBXFileReference; lastKnownFileType = sourcecode.swift; path = SceneDelegate.swift; sourceTree = "<group>"; };
		D2761A2E2A6ACE1D00D0B7B8 /* Base */ = {isa = PBXFileReference; lastKnownFileType = file.storyboard; name = Base; path = Base.lproj/Main.storyboard; sourceTree = "<group>"; };
		D2761A302A6ACE1E00D0B7B8 /* Assets.xcassets */ = {isa = PBXFileReference; lastKnownFileType = folder.assetcatalog; path = Assets.xcassets; sourceTree = "<group>"; };
		D2761A332A6ACE1E00D0B7B8 /* Base */ = {isa = PBXFileReference; lastKnownFileType = file.storyboard; name = Base; path = Base.lproj/LaunchScreen.storyboard; sourceTree = "<group>"; };
		D2761A352A6ACE1E00D0B7B8 /* Info.plist */ = {isa = PBXFileReference; lastKnownFileType = text.plist.xml; path = Info.plist; sourceTree = "<group>"; };
		D27C8E7A2B184CF800CA2A04 /* NotificationPage.swift */ = {isa = PBXFileReference; lastKnownFileType = sourcecode.swift; path = NotificationPage.swift; sourceTree = "<group>"; };
		D27F915C2A702B02004725EC /* Homepage.swift */ = {isa = PBXFileReference; lastKnownFileType = sourcecode.swift; path = Homepage.swift; sourceTree = "<group>"; };
		D27F915E2A702B74004725EC /* Connectionspage.swift */ = {isa = PBXFileReference; lastKnownFileType = sourcecode.swift; path = Connectionspage.swift; sourceTree = "<group>"; };
		D27F91602A702B8C004725EC /* Accountpage.swift */ = {isa = PBXFileReference; lastKnownFileType = sourcecode.swift; path = Accountpage.swift; sourceTree = "<group>"; };
		D27F91622A702BA4004725EC /* Filterpage.swift */ = {isa = PBXFileReference; lastKnownFileType = sourcecode.swift; path = Filterpage.swift; sourceTree = "<group>"; };
		D27F91642A7031D7004725EC /* StyleSheet.swift */ = {isa = PBXFileReference; lastKnownFileType = sourcecode.swift; path = StyleSheet.swift; sourceTree = "<group>"; };
		D27F91702A706BAE004725EC /* GradientView.swift */ = {isa = PBXFileReference; lastKnownFileType = sourcecode.swift; path = GradientView.swift; sourceTree = "<group>"; };
		D27F91722A71AB0B004725EC /* Loginpage.swift */ = {isa = PBXFileReference; lastKnownFileType = sourcecode.swift; path = Loginpage.swift; sourceTree = "<group>"; };
		D2D43C312A72A668001F986D /* Signuppage.swift */ = {isa = PBXFileReference; lastKnownFileType = sourcecode.swift; path = Signuppage.swift; sourceTree = "<group>"; };
		D2D43C332A72A6C0001F986D /* Emailverificationpage.swift */ = {isa = PBXFileReference; lastKnownFileType = sourcecode.swift; path = Emailverificationpage.swift; sourceTree = "<group>"; };
		D2D43C352A72A6E3001F986D /* OTPverificationpage.swift */ = {isa = PBXFileReference; lastKnownFileType = sourcecode.swift; path = OTPverificationpage.swift; sourceTree = "<group>"; };
/* End PBXFileReference section */

/* Begin PBXFrameworksBuildPhase section */
		D2761A212A6ACE1D00D0B7B8 /* Frameworks */ = {
			isa = PBXFrameworksBuildPhase;
			buildActionMask = 2147483647;
			files = (
			);
			runOnlyForDeploymentPostprocessing = 0;
		};
/* End PBXFrameworksBuildPhase section */

/* Begin PBXGroup section */
		D2761A1B2A6ACE1D00D0B7B8 = {
			isa = PBXGroup;
			children = (
				D2761A262A6ACE1D00D0B7B8 /* FLAG */,
				D2761A252A6ACE1D00D0B7B8 /* Products */,
			);
			sourceTree = "<group>";
		};
		D2761A252A6ACE1D00D0B7B8 /* Products */ = {
			isa = PBXGroup;
			children = (
				D2761A242A6ACE1D00D0B7B8 /* FLAG.app */,
			);
			name = Products;
			sourceTree = "<group>";
		};
		D2761A262A6ACE1D00D0B7B8 /* FLAG */ = {
			isa = PBXGroup;
			children = (
				D2761A272A6ACE1D00D0B7B8 /* AppDelegate.swift */,
				D2761A292A6ACE1D00D0B7B8 /* SceneDelegate.swift */,
				D2761A2D2A6ACE1D00D0B7B8 /* Main.storyboard */,
				D2761A302A6ACE1E00D0B7B8 /* Assets.xcassets */,
				D2761A322A6ACE1E00D0B7B8 /* LaunchScreen.storyboard */,
				D2761A352A6ACE1E00D0B7B8 /* Info.plist */,
				D27F915C2A702B02004725EC /* Homepage.swift */,
				D27F915E2A702B74004725EC /* Connectionspage.swift */,
				D27F91602A702B8C004725EC /* Accountpage.swift */,
				D27F91622A702BA4004725EC /* Filterpage.swift */,
				D27F91642A7031D7004725EC /* StyleSheet.swift */,
				D27F91702A706BAE004725EC /* GradientView.swift */,
				D27F91722A71AB0B004725EC /* Loginpage.swift */,
				D2D43C312A72A668001F986D /* Signuppage.swift */,
				D2D43C332A72A6C0001F986D /* Emailverificationpage.swift */,
				D2D43C352A72A6E3001F986D /* OTPverificationpage.swift */,
				D27C8E7A2B184CF800CA2A04 /* NotificationPage.swift */,
				7D52B7372B1E2F7B00C94089 /* UserTableViewCell.swift */,
			);
			path = FLAG;
			sourceTree = "<group>";
		};
/* End PBXGroup section */

/* Begin PBXNativeTarget section */
		D2761A232A6ACE1D00D0B7B8 /* FLAG */ = {
			isa = PBXNativeTarget;
			buildConfigurationList = D2761A382A6ACE1E00D0B7B8 /* Build configuration list for PBXNativeTarget "FLAG" */;
			buildPhases = (
				D2761A202A6ACE1D00D0B7B8 /* Sources */,
				D2761A212A6ACE1D00D0B7B8 /* Frameworks */,
				D2761A222A6ACE1D00D0B7B8 /* Resources */,
			);
			buildRules = (
			);
			dependencies = (
			);
			name = FLAG;
			productName = FLAG;
			productReference = D2761A242A6ACE1D00D0B7B8 /* FLAG.app */;
			productType = "com.apple.product-type.application";
		};
/* End PBXNativeTarget section */

/* Begin PBXProject section */
		D2761A1C2A6ACE1D00D0B7B8 /* Project object */ = {
			isa = PBXProject;
			attributes = {
				BuildIndependentTargetsInParallel = 1;
				LastSwiftUpdateCheck = 1430;
				LastUpgradeCheck = 1430;
				TargetAttributes = {
					D2761A232A6ACE1D00D0B7B8 = {
						CreatedOnToolsVersion = 14.3;
					};
				};
			};
			buildConfigurationList = D2761A1F2A6ACE1D00D0B7B8 /* Build configuration list for PBXProject "FLAG" */;
			compatibilityVersion = "Xcode 14.0";
			developmentRegion = en;
			hasScannedForEncodings = 0;
			knownRegions = (
				en,
				Base,
			);
			mainGroup = D2761A1B2A6ACE1D00D0B7B8;
			productRefGroup = D2761A252A6ACE1D00D0B7B8 /* Products */;
			projectDirPath = "";
			projectRoot = "";
			targets = (
				D2761A232A6ACE1D00D0B7B8 /* FLAG */,
			);
		};
/* End PBXProject section */

/* Begin PBXResourcesBuildPhase section */
		D2761A222A6ACE1D00D0B7B8 /* Resources */ = {
			isa = PBXResourcesBuildPhase;
			buildActionMask = 2147483647;
			files = (
				D2761A342A6ACE1E00D0B7B8 /* LaunchScreen.storyboard in Resources */,
				D2761A312A6ACE1E00D0B7B8 /* Assets.xcassets in Resources */,
				D2761A2F2A6ACE1D00D0B7B8 /* Main.storyboard in Resources */,
			);
			runOnlyForDeploymentPostprocessing = 0;
		};
/* End PBXResourcesBuildPhase section */

/* Begin PBXSourcesBuildPhase section */
		D2761A202A6ACE1D00D0B7B8 /* Sources */ = {
			isa = PBXSourcesBuildPhase;
			buildActionMask = 2147483647;
			files = (
				D2761A282A6ACE1D00D0B7B8 /* AppDelegate.swift in Sources */,
				D27C8E7B2B184CF800CA2A04 /* NotificationPage.swift in Sources */,
				7D52B7382B1E2F7B00C94089 /* UserTableViewCell.swift in Sources */,
				D2D43C342A72A6C0001F986D /* Emailverificationpage.swift in Sources */,
				D27F91612A702B8C004725EC /* Accountpage.swift in Sources */,
				D27F915D2A702B02004725EC /* Homepage.swift in Sources */,
				D27F91632A702BA4004725EC /* Filterpage.swift in Sources */,
				D27F91732A71AB0B004725EC /* Loginpage.swift in Sources */,
				D27F91652A7031D7004725EC /* StyleSheet.swift in Sources */,
				D2761A2A2A6ACE1D00D0B7B8 /* SceneDelegate.swift in Sources */,
				D27F915F2A702B74004725EC /* Connectionspage.swift in Sources */,
				D2D43C322A72A668001F986D /* Signuppage.swift in Sources */,
				D27F91712A706BAE004725EC /* GradientView.swift in Sources */,
				D2D43C362A72A6E3001F986D /* OTPverificationpage.swift in Sources */,
			);
			runOnlyForDeploymentPostprocessing = 0;
		};
/* End PBXSourcesBuildPhase section */

/* Begin PBXVariantGroup section */
		D2761A2D2A6ACE1D00D0B7B8 /* Main.storyboard */ = {
			isa = PBXVariantGroup;
			children = (
				D2761A2E2A6ACE1D00D0B7B8 /* Base */,
			);
			name = Main.storyboard;
			sourceTree = "<group>";
		};
		D2761A322A6ACE1E00D0B7B8 /* LaunchScreen.storyboard */ = {
			isa = PBXVariantGroup;
			children = (
				D2761A332A6ACE1E00D0B7B8 /* Base */,
			);
			name = LaunchScreen.storyboard;
			sourceTree = "<group>";
		};
/* End PBXVariantGroup section */

/* Begin XCBuildConfiguration section */
		D2761A362A6ACE1E00D0B7B8 /* Debug */ = {
			isa = XCBuildConfiguration;
			buildSettings = {
				ALWAYS_SEARCH_USER_PATHS = NO;
				CLANG_ANALYZER_NONNULL = YES;
				CLANG_ANALYZER_NUMBER_OBJECT_CONVERSION = YES_AGGRESSIVE;
				CLANG_CXX_LANGUAGE_STANDARD = "gnu++20";
				CLANG_ENABLE_MODULES = YES;
				CLANG_ENABLE_OBJC_ARC = YES;
				CLANG_ENABLE_OBJC_WEAK = YES;
				CLANG_WARN_BLOCK_CAPTURE_AUTORELEASING = YES;
				CLANG_WARN_BOOL_CONVERSION = YES;
				CLANG_WARN_COMMA = YES;
				CLANG_WARN_CONSTANT_CONVERSION = YES;
				CLANG_WARN_DEPRECATED_OBJC_IMPLEMENTATIONS = YES;
				CLANG_WARN_DIRECT_OBJC_ISA_USAGE = YES_ERROR;
				CLANG_WARN_DOCUMENTATION_COMMENTS = YES;
				CLANG_WARN_EMPTY_BODY = YES;
				CLANG_WARN_ENUM_CONVERSION = YES;
				CLANG_WARN_INFINITE_RECURSION = YES;
				CLANG_WARN_INT_CONVERSION = YES;
				CLANG_WARN_NON_LITERAL_NULL_CONVERSION = YES;
				CLANG_WARN_OBJC_IMPLICIT_RETAIN_SELF = YES;
				CLANG_WARN_OBJC_LITERAL_CONVERSION = YES;
				CLANG_WARN_OBJC_ROOT_CLASS = YES_ERROR;
				CLANG_WARN_QUOTED_INCLUDE_IN_FRAMEWORK_HEADER = YES;
				CLANG_WARN_RANGE_LOOP_ANALYSIS = YES;
				CLANG_WARN_STRICT_PROTOTYPES = YES;
				CLANG_WARN_SUSPICIOUS_MOVE = YES;
				CLANG_WARN_UNGUARDED_AVAILABILITY = YES_AGGRESSIVE;
				CLANG_WARN_UNREACHABLE_CODE = YES;
				CLANG_WARN__DUPLICATE_METHOD_MATCH = YES;
				COPY_PHASE_STRIP = NO;
				DEBUG_INFORMATION_FORMAT = dwarf;
				ENABLE_STRICT_OBJC_MSGSEND = YES;
				ENABLE_TESTABILITY = YES;
				GCC_C_LANGUAGE_STANDARD = gnu11;
				GCC_DYNAMIC_NO_PIC = NO;
				GCC_NO_COMMON_BLOCKS = YES;
				GCC_OPTIMIZATION_LEVEL = 0;
				GCC_PREPROCESSOR_DEFINITIONS = (
					"DEBUG=1",
					"$(inherited)",
				);
				GCC_WARN_64_TO_32_BIT_CONVERSION = YES;
				GCC_WARN_ABOUT_RETURN_TYPE = YES_ERROR;
				GCC_WARN_UNDECLARED_SELECTOR = YES;
				GCC_WARN_UNINITIALIZED_AUTOS = YES_AGGRESSIVE;
				GCC_WARN_UNUSED_FUNCTION = YES;
				GCC_WARN_UNUSED_VARIABLE = YES;
				IPHONEOS_DEPLOYMENT_TARGET = 16.4;
				MTL_ENABLE_DEBUG_INFO = INCLUDE_SOURCE;
				MTL_FAST_MATH = YES;
				ONLY_ACTIVE_ARCH = YES;
				SDKROOT = iphoneos;
				SWIFT_ACTIVE_COMPILATION_CONDITIONS = DEBUG;
				SWIFT_OPTIMIZATION_LEVEL = "-Onone";
			};
			name = Debug;
		};
		D2761A372A6ACE1E00D0B7B8 /* Release */ = {
			isa = XCBuildConfiguration;
			buildSettings = {
				ALWAYS_SEARCH_USER_PATHS = NO;
				CLANG_ANALYZER_NONNULL = YES;
				CLANG_ANALYZER_NUMBER_OBJECT_CONVERSION = YES_AGGRESSIVE;
				CLANG_CXX_LANGUAGE_STANDARD = "gnu++20";
				CLANG_ENABLE_MODULES = YES;
				CLANG_ENABLE_OBJC_ARC = YES;
				CLANG_ENABLE_OBJC_WEAK = YES;
				CLANG_WARN_BLOCK_CAPTURE_AUTORELEASING = YES;
				CLANG_WARN_BOOL_CONVERSION = YES;
				CLANG_WARN_COMMA = YES;
				CLANG_WARN_CONSTANT_CONVERSION = YES;
				CLANG_WARN_DEPRECATED_OBJC_IMPLEMENTATIONS = YES;
				CLANG_WARN_DIRECT_OBJC_ISA_USAGE = YES_ERROR;
				CLANG_WARN_DOCUMENTATION_COMMENTS = YES;
				CLANG_WARN_EMPTY_BODY = YES;
				CLANG_WARN_ENUM_CONVERSION = YES;
				CLANG_WARN_INFINITE_RECURSION = YES;
				CLANG_WARN_INT_CONVERSION = YES;
				CLANG_WARN_NON_LITERAL_NULL_CONVERSION = YES;
				CLANG_WARN_OBJC_IMPLICIT_RETAIN_SELF = YES;
				CLANG_WARN_OBJC_LITERAL_CONVERSION = YES;
				CLANG_WARN_OBJC_ROOT_CLASS = YES_ERROR;
				CLANG_WARN_QUOTED_INCLUDE_IN_FRAMEWORK_HEADER = YES;
				CLANG_WARN_RANGE_LOOP_ANALYSIS = YES;
				CLANG_WARN_STRICT_PROTOTYPES = YES;
				CLANG_WARN_SUSPICIOUS_MOVE = YES;
				CLANG_WARN_UNGUARDED_AVAILABILITY = YES_AGGRESSIVE;
				CLANG_WARN_UNREACHABLE_CODE = YES;
				CLANG_WARN__DUPLICATE_METHOD_MATCH = YES;
				COPY_PHASE_STRIP = NO;
				DEBUG_INFORMATION_FORMAT = "dwarf-with-dsym";
				ENABLE_NS_ASSERTIONS = NO;
				ENABLE_STRICT_OBJC_MSGSEND = YES;
				GCC_C_LANGUAGE_STANDARD = gnu11;
				GCC_NO_COMMON_BLOCKS = YES;
				GCC_WARN_64_TO_32_BIT_CONVERSION = YES;
				GCC_WARN_ABOUT_RETURN_TYPE = YES_ERROR;
				GCC_WARN_UNDECLARED_SELECTOR = YES;
				GCC_WARN_UNINITIALIZED_AUTOS = YES_AGGRESSIVE;
				GCC_WARN_UNUSED_FUNCTION = YES;
				GCC_WARN_UNUSED_VARIABLE = YES;
				IPHONEOS_DEPLOYMENT_TARGET = 16.4;
				MTL_ENABLE_DEBUG_INFO = NO;
				MTL_FAST_MATH = YES;
				SDKROOT = iphoneos;
				SWIFT_COMPILATION_MODE = wholemodule;
				SWIFT_OPTIMIZATION_LEVEL = "-O";
				VALIDATE_PRODUCT = YES;
			};
			name = Release;
		};
		D2761A392A6ACE1E00D0B7B8 /* Debug */ = {
			isa = XCBuildConfiguration;
			buildSettings = {
				ASSETCATALOG_COMPILER_APPICON_NAME = AppIcon;
				ASSETCATALOG_COMPILER_GLOBAL_ACCENT_COLOR_NAME = AccentColor;
				CODE_SIGN_STYLE = Automatic;
				CURRENT_PROJECT_VERSION = 1;
				GENERATE_INFOPLIST_FILE = YES;
				INFOPLIST_FILE = FLAG/Info.plist;
				INFOPLIST_KEY_UIApplicationSupportsIndirectInputEvents = YES;
				INFOPLIST_KEY_UILaunchStoryboardName = LaunchScreen;
				INFOPLIST_KEY_UIMainStoryboardFile = Main;
				INFOPLIST_KEY_UISupportedInterfaceOrientations_iPad = "UIInterfaceOrientationPortrait UIInterfaceOrientationPortraitUpsideDown UIInterfaceOrientationLandscapeLeft UIInterfaceOrientationLandscapeRight";
				INFOPLIST_KEY_UISupportedInterfaceOrientations_iPhone = "UIInterfaceOrientationPortrait UIInterfaceOrientationLandscapeLeft UIInterfaceOrientationLandscapeRight";
				LD_RUNPATH_SEARCH_PATHS = (
					"$(inherited)",
					"@executable_path/Frameworks",
				);
				MARKETING_VERSION = 1.0;
				PRODUCT_BUNDLE_IDENTIFIER = ca.georgiancollege.FLAG;
				PRODUCT_NAME = "$(TARGET_NAME)";
				SWIFT_EMIT_LOC_STRINGS = YES;
				SWIFT_VERSION = 5.0;
				TARGETED_DEVICE_FAMILY = "1,2";
			};
			name = Debug;
		};
		D2761A3A2A6ACE1E00D0B7B8 /* Release */ = {
			isa = XCBuildConfiguration;
			buildSettings = {
				ASSETCATALOG_COMPILER_APPICON_NAME = AppIcon;
				ASSETCATALOG_COMPILER_GLOBAL_ACCENT_COLOR_NAME = AccentColor;
				CODE_SIGN_STYLE = Automatic;
				CURRENT_PROJECT_VERSION = 1;
				GENERATE_INFOPLIST_FILE = YES;
				INFOPLIST_FILE = FLAG/Info.plist;
				INFOPLIST_KEY_UIApplicationSupportsIndirectInputEvents = YES;
				INFOPLIST_KEY_UILaunchStoryboardName = LaunchScreen;
				INFOPLIST_KEY_UIMainStoryboardFile = Main;
				INFOPLIST_KEY_UISupportedInterfaceOrientations_iPad = "UIInterfaceOrientationPortrait UIInterfaceOrientationPortraitUpsideDown UIInterfaceOrientationLandscapeLeft UIInterfaceOrientationLandscapeRight";
				INFOPLIST_KEY_UISupportedInterfaceOrientations_iPhone = "UIInterfaceOrientationPortrait UIInterfaceOrientationLandscapeLeft UIInterfaceOrientationLandscapeRight";
				LD_RUNPATH_SEARCH_PATHS = (
					"$(inherited)",
					"@executable_path/Frameworks",
				);
				MARKETING_VERSION = 1.0;
				PRODUCT_BUNDLE_IDENTIFIER = ca.georgiancollege.FLAG;
				PRODUCT_NAME = "$(TARGET_NAME)";
				SWIFT_EMIT_LOC_STRINGS = YES;
				SWIFT_VERSION = 5.0;
				TARGETED_DEVICE_FAMILY = "1,2";
			};
			name = Release;
		};
/* End XCBuildConfiguration section */

/* Begin XCConfigurationList section */
		D2761A1F2A6ACE1D00D0B7B8 /* Build configuration list for PBXProject "FLAG" */ = {
			isa = XCConfigurationList;
			buildConfigurations = (
				D2761A362A6ACE1E00D0B7B8 /* Debug */,
				D2761A372A6ACE1E00D0B7B8 /* Release */,
			);
			defaultConfigurationIsVisible = 0;
			defaultConfigurationName = Release;
		};
		D2761A382A6ACE1E00D0B7B8 /* Build configuration list for PBXNativeTarget "FLAG" */ = {
			isa = XCConfigurationList;
			buildConfigurations = (
				D2761A392A6ACE1E00D0B7B8 /* Debug */,
				D2761A3A2A6ACE1E00D0B7B8 /* Release */,
			);
			defaultConfigurationIsVisible = 0;
			defaultConfigurationName = Release;
		};
/* End XCConfigurationList section */
	};
	rootObject = D2761A1C2A6ACE1D00D0B7B8 /* Project object */;
}
